<?xml version="1.0" encoding="utf-8"?>
<Project ToolsVersion="4.0" xmlns="http://schemas.microsoft.com/developer/msbuild/2003">
  <ItemGroup>
    <Filter Include="imgui">
      <UniqueIdentifier>{20b90ce4-7fcb-4731-b9a0-075f875de82d}</UniqueIdentifier>
    </Filter>
    <Filter Include="sources">
      <UniqueIdentifier>{f18ab499-84e1-499f-8eff-9754361e0e52}</UniqueIdentifier>
      <Extensions>cpp;c;cc;cxx;def;odl;idl;hpj;bat;asm;asmx</Extensions>
    </Filter>
    <Filter Include="sources\bfide">
      <UniqueIdentifier>{99695ccc-775e-4910-b922-bb3b234c04b1}</UniqueIdentifier>
    </Filter>
  </ItemGroup>
  <ItemGroup>
    <ClCompile Include="main.cpp">
      <Filter>sources</Filter>
    </ClCompile>
    <ClCompile Include="..\..\imgui.cpp">
      <Filter>imgui</Filter>
    </ClCompile>
    <ClCompile Include="..\..\imgui_demo.cpp">
      <Filter>imgui</Filter>
    </ClCompile>
    <ClCompile Include="..\..\imgui_draw.cpp">
      <Filter>imgui</Filter>
    </ClCompile>
    <ClCompile Include="..\..\imgui_tables.cpp">
      <Filter>imgui</Filter>
    </ClCompile>
    <ClCompile Include="..\..\imgui_widgets.cpp">
      <Filter>imgui</Filter>
    </ClCompile>
    <ClCompile Include="..\..\backends\imgui_impl_glfw.cpp">
      <Filter>sources</Filter>
    </ClCompile>
    <ClCompile Include="..\..\backends\imgui_impl_vulkan.cpp">
      <Filter>sources</Filter>
    </ClCompile>
    <ClCompile Include="imgui_stdlib.cpp">
      <Filter>sources</Filter>
    </ClCompile>
    <ClCompile Include="console.cpp">
      <Filter>sources\bfide</Filter>
    </ClCompile>
    <ClCompile Include="editor.cpp">
      <Filter>sources\bfide</Filter>
    </ClCompile>
    <ClCompile Include="file.cpp">
      <Filter>sources\bfide</Filter>
    </ClCompile>
    <ClCompile Include="path_node.cpp">
      <Filter>sources\bfide</Filter>
    </ClCompile>
    <ClCompile Include="compiler.cpp">
      <Filter>sources\bfide</Filter>
    </ClCompile>
    <ClCompile Include="runner.cpp">
      <Filter>sources</Filter>
    </ClCompile>
  </ItemGroup>
  <ItemGroup>
    <ClInclude Include="..\..\imconfig.h">
      <Filter>imgui</Filter>
    </ClInclude>
    <ClInclude Include="..\..\imgui.h">
      <Filter>imgui</Filter>
    </ClInclude>
    <ClInclude Include="..\..\imgui_internal.h">
      <Filter>imgui</Filter>
    </ClInclude>
    <ClInclude Include="..\..\backends\imgui_impl_glfw.h">
      <Filter>sources</Filter>
    </ClInclude>
    <ClInclude Include="..\..\backends\imgui_impl_vulkan.h">
      <Filter>sources</Filter>
    </ClInclude>
    <ClInclude Include="imgui_stdlib.h">
      <Filter>sources</Filter>
    </ClInclude>
    <ClInclude Include="console.h">
      <Filter>sources\bfide</Filter>
    </ClInclude>
    <ClInclude Include="editor.h">
      <Filter>sources\bfide</Filter>
    </ClInclude>
    <ClInclude Include="file.h">
      <Filter>sources\bfide</Filter>
    </ClInclude>
    <ClInclude Include="path_node.h">
      <Filter>sources\bfide</Filter>
    </ClInclude>
    <ClInclude Include="compiler.h">
      <Filter>sources\bfide</Filter>
    </ClInclude>
    <ClInclude Include="runner.h" />
    <ClInclude Include="editor_pch.h">
      <Filter>sources\bfide</Filter>
    </ClInclude>
  </ItemGroup>
  <ItemGroup>
    <None Include="..\README.txt" />
    <None Include="..\..\misc\debuggers\imgui.natvis">
      <Filter>imgui</Filter>
    </None>
    <None Include="data.bfidedata">
      <Filter>sources\bfide</Filter>
    </None>
  </ItemGroup>
  <ItemGroup>
    <Text Include="tests.bf" />
  </ItemGroup>
</Project>